
Microsoft Visual Studio Solution File, Format Version 12.00
# Visual Studio Version 16
VisualStudioVersion = 16.0.30709.132
MinimumVisualStudioVersion = 10.0.40219.1
Project("{9A19103F-16F7-4668-BE54-9A1E7A4F7556}") = "ClausaComm", "ClausaComm.csproj", "{53C0F646-5F16-444B-84CA-E2DD961DF87D}"
EndProject
Project("{FAE04EC0-301F-11D3-BF4B-00C04F79EFBC}") = "ClausaComm Installer", "..\ClausaComm Installer\ClausaComm Installer.csproj", "{EE0DBD48-2E6D-4632-8747-C4A866737437}"
EndProject
Global
	GlobalSection(SolutionConfigurationPlatforms) = preSolution
		Debug|Any CPU = Debug|Any CPU
		Debug|x64 = Debug|x64
		Release|Any CPU = Release|Any CPU
		Release|x64 = Release|x64
	EndGlobalSection
	GlobalSection(ProjectConfigurationPlatforms) = postSolution
		{53C0F646-5F16-444B-84CA-E2DD961DF87D}.Debug|Any CPU.ActiveCfg = Debug|Any CPU
		{53C0F646-5F16-444B-84CA-E2DD961DF87D}.Debug|Any CPU.Build.0 = Debug|Any CPU
		{53C0F646-5F16-444B-84CA-E2DD961DF87D}.Debug|x64.ActiveCfg = Debug|x64
		{53C0F646-5F16-444B-84CA-E2DD961DF87D}.Debug|x64.Build.0 = Debug|x64
		{53C0F646-5F16-444B-84CA-E2DD961DF87D}.Release|Any CPU.ActiveCfg = Release|Any CPU
		{53C0F646-5F16-444B-84CA-E2DD961DF87D}.Release|Any CPU.Build.0 = Release|Any CPU
		{53C0F646-5F16-444B-84CA-E2DD961DF87D}.Release|x64.ActiveCfg = Release|x64
		{53C0F646-5F16-444B-84CA-E2DD961DF87D}.Release|x64.Build.0 = Release|x64
		{EE0DBD48-2E6D-4632-8747-C4A866737437}.Debug|Any CPU.ActiveCfg = Debug|Any CPU
		{EE0DBD48-2E6D-4632-8747-C4A866737437}.Debug|Any CPU.Build.0 = Debug|Any CPU
		{EE0DBD48-2E6D-4632-8747-C4A866737437}.Debug|x64.ActiveCfg = Debug|Any CPU
		{EE0DBD48-2E6D-4632-8747-C4A866737437}.Debug|x64.Build.0 = Debug|Any CPU
		{EE0DBD48-2E6D-4632-8747-C4A866737437}.Release|Any CPU.ActiveCfg = Release|Any CPU
		{EE0DBD48-2E6D-4632-8747-C4A866737437}.Release|Any CPU.Build.0 = Release|Any CPU
		{EE0DBD48-2E6D-4632-8747-C4A866737437}.Release|x64.ActiveCfg = Release|Any CPU
		{EE0DBD48-2E6D-4632-8747-C4A866737437}.Release|x64.Build.0 = Release|Any CPU
	EndGlobalSection
	GlobalSection(SolutionProperties) = preSolution
		HideSolutionNode = FALSE
	EndGlobalSection
	GlobalSection(ExtensibilityGlobals) = postSolution
		SolutionGuid = {D9667820-85E4-4EE8-8B49-1FDBE807AF02}
	EndGlobalSection
EndGlobal
